# This file is autogenerated, do not edit; changes may be undone by the next 'dep ensure'.


[[projects]]
  branch = "master"
  digest = "1:3fb6f82f8fee510636f44f1d869e6672c79b7a75f4900f10a50793b1db9430fa"
  name = "github.com/PaulSonOfLars/gotg_md2html"
  packages = ["."]
  pruneopts = "UT"
  revision = "600f7c64452bd9279d65ab38cf587a137a7fe5bb"

[[projects]]
  branch = "master"
  digest = "1:1fc2dfe5b67e686e758444135f98ed91f30dce31ebc7dafeeb99eb0fe8712a17"
  name = "github.com/PaulSonOfLars/gotgbot"
  packages = [
    ".",
    "ext",
    "handlers",
    "handlers/Filters",
    "parsemode",
  ]
  pruneopts = "UT"
  revision = "b29cb3517f56b4cf889e7bbc9fce70a80672c7a4"

[[projects]]
  digest = "1:582b704bebaa06b48c29b0cec224a6058a09c86883aaddabde889cd1a5f73e1b"
  name = "github.com/google/uuid"
  packages = ["."]
  pruneopts = "UT"
  revision = "0cd6bf5da1e1c83f8b45653022c74f71af0538a4"
  version = "v1.1.1"

[[projects]]
  digest = "1:da6718abe4d47b1132d98bf3f9b18e302d537bf6daf02bd40804d9295a3f32bd"
  name = "github.com/jinzhu/gorm"
  packages = [
    ".",
    "dialects/postgres",
  ]
  pruneopts = "UT"
  revision = "836fb2c19d84dac7b0272958dfb9af7cf0d0ade4"
  version = "v1.9.10"

[[projects]]
  digest = "1:01ed62f8f4f574d8aff1d88caee113700a2b44c42351943fa73cc1808f736a50"
  name = "github.com/jinzhu/inflection"
  packages = ["."]
  pruneopts = "UT"
  revision = "f5c5f50e6090ae76a29240b61ae2a90dd810112e"
  version = "v1.0.0"

[[projects]]
  digest = "1:ecd9aa82687cf31d1585d4ac61d0ba180e42e8a6182b85bd785fcca8dfeefc1b"
  name = "github.com/joho/godotenv"
  packages = ["."]
  pruneopts = "UT"
  revision = "23d116af351c84513e1946b527c88823e476be13"
  version = "v1.3.0"

[[projects]]
  digest = "1:31e761d97c76151dde79e9d28964a812c46efc5baee4085b86f68f0c654450de"
  name = "github.com/konsorten/go-windows-terminal-sequences"
  packages = ["."]
  pruneopts = "UT"
  revision = "f55edac94c9bbba5d6182a4be46d86a2c9b5b50e"
  version = "v1.0.2"

[[projects]]
  digest = "1:0e06e487551e2f9e0d6967a15c42223354e37c2e9869b301b14a42e4b51ea3e0"
  name = "github.com/lib/pq"
  packages = [
    ".",
    "hstore",
    "oid",
    "scram",
  ]
  pruneopts = "UT"
  revision = "bc6a3c0594130b1e34005880bc600b6d3f49fa7f"
  version = "v1.1.1"

[[projects]]
  digest = "1:cf31692c14422fa27c83a05292eb5cbe0fb2775972e8f1f8446a71549bd8980b"
  name = "github.com/pkg/errors"
  packages = ["."]
  pruneopts = "UT"
  revision = "ba968bfe8b2f7e042a574c888954fccecfa385b4"
  version = "v0.8.1"

[[projects]]
  digest = "1:04457f9f6f3ffc5fea48e71d62f2ca256637dee0a04d710288e27e05c8b41976"
  name = "github.com/sirupsen/logrus"
  packages = ["."]
  pruneopts = "UT"
  revision = "839c75faf7f98a33d445d181f3018b5c3409a45e"
  version = "v1.4.2"

[[projects]]
  digest = "1:125aa07b364dc440ebebc8f93a7120c2b309781e53d6cfda543db8bc61a9e858"
  name = "github.com/tcnksm/go-httpstat"
  packages = ["."]
  pruneopts = "UT"
  revision = "ae0d799e7ee65d3dc46d7272368daa830aef6c5a"
  version = "v0.2.0"

[[projects]]
  branch = "master"
  digest = "1:5b3f90037a9027c43bdcae488c39d41aadecb9d85e645bb62b773a0a6f6e86b8"
  name = "golang.org/x/sys"
  packages = ["unix"]
  pruneopts = "UT"
  revision = "6ec70d6a5542cba804c6d16ebe8392601a0b7b60"

[solve-meta]
  analyzer-name = "dep"
  analyzer-version = 1
  input-imports = [
    "github.com/PaulSonOfLars/gotg_md2html",
    "github.com/PaulSonOfLars/gotgbot",
    "github.com/PaulSonOfLars/gotgbot/ext",
    "github.com/PaulSonOfLars/gotgbot/handlers",
    "github.com/PaulSonOfLars/gotgbot/handlers/Filters",
    "github.com/PaulSonOfLars/gotgbot/parsemode",
    "github.com/google/uuid",
    "github.com/jinzhu/gorm",
    "github.com/jinzhu/gorm/dialects/postgres",
    "github.com/joho/godotenv",
    "github.com/lib/pq",
    "github.com/sirupsen/logrus",
    "github.com/tcnksm/go-httpstat",
  ]
  solver-name = "gps-cdcl"
  solver-version = 1
